
Microsoft Visual Studio Solution File, Format Version 12.00
# Visual Studio Version 16
VisualStudioVersion = 16.0.29806.167
MinimumVisualStudioVersion = 10.0.40219.1
Project("{9A19103F-16F7-4668-BE54-9A1E7A4F7556}") = "LibraryApi", "LibraryApi\LibraryApi.csproj", "{07FAA3B1-4304-47FB-A138-838E431B016F}"
EndProject
Project("{9A19103F-16F7-4668-BE54-9A1E7A4F7556}") = "LibraryApiIntegrationTests", "LibraryApiIntegrationTests\LibraryApiIntegrationTests.csproj", "{C51017EE-FD02-4A98-A613-C333932D7D36}"
EndProject
Project("{9A19103F-16F7-4668-BE54-9A1E7A4F7556}") = "ApiClient", "ApiClient\ApiClient.csproj", "{7B6CBB58-ECA7-4D20-9E06-F6CB0E4B44DB}"
EndProject
Project("{9A19103F-16F7-4668-BE54-9A1E7A4F7556}") = "RabbitMqUtils", "bes200-rabbitmqutils-master\RabbitMqUtils.csproj", "{ADA6FA0C-68B3-4CCE-B1B4-16ECF4DE69C5}"
EndProject
Global
	GlobalSection(SolutionConfigurationPlatforms) = preSolution
		Debug|Any CPU = Debug|Any CPU
		Release|Any CPU = Release|Any CPU
	EndGlobalSection
	GlobalSection(ProjectConfigurationPlatforms) = postSolution
		{07FAA3B1-4304-47FB-A138-838E431B016F}.Debug|Any CPU.ActiveCfg = Debug|Any CPU
		{07FAA3B1-4304-47FB-A138-838E431B016F}.Debug|Any CPU.Build.0 = Debug|Any CPU
		{07FAA3B1-4304-47FB-A138-838E431B016F}.Release|Any CPU.ActiveCfg = Release|Any CPU
		{07FAA3B1-4304-47FB-A138-838E431B016F}.Release|Any CPU.Build.0 = Release|Any CPU
		{C51017EE-FD02-4A98-A613-C333932D7D36}.Debug|Any CPU.ActiveCfg = Debug|Any CPU
		{C51017EE-FD02-4A98-A613-C333932D7D36}.Debug|Any CPU.Build.0 = Debug|Any CPU
		{C51017EE-FD02-4A98-A613-C333932D7D36}.Release|Any CPU.ActiveCfg = Release|Any CPU
		{C51017EE-FD02-4A98-A613-C333932D7D36}.Release|Any CPU.Build.0 = Release|Any CPU
		{7B6CBB58-ECA7-4D20-9E06-F6CB0E4B44DB}.Debug|Any CPU.ActiveCfg = Debug|Any CPU
		{7B6CBB58-ECA7-4D20-9E06-F6CB0E4B44DB}.Debug|Any CPU.Build.0 = Debug|Any CPU
		{7B6CBB58-ECA7-4D20-9E06-F6CB0E4B44DB}.Release|Any CPU.ActiveCfg = Release|Any CPU
		{7B6CBB58-ECA7-4D20-9E06-F6CB0E4B44DB}.Release|Any CPU.Build.0 = Release|Any CPU
		{ADA6FA0C-68B3-4CCE-B1B4-16ECF4DE69C5}.Debug|Any CPU.ActiveCfg = Debug|Any CPU
		{ADA6FA0C-68B3-4CCE-B1B4-16ECF4DE69C5}.Debug|Any CPU.Build.0 = Debug|Any CPU
		{ADA6FA0C-68B3-4CCE-B1B4-16ECF4DE69C5}.Release|Any CPU.ActiveCfg = Release|Any CPU
		{ADA6FA0C-68B3-4CCE-B1B4-16ECF4DE69C5}.Release|Any CPU.Build.0 = Release|Any CPU
	EndGlobalSection
	GlobalSection(SolutionProperties) = preSolution
		HideSolutionNode = FALSE
	EndGlobalSection
	GlobalSection(ExtensibilityGlobals) = postSolution
		SolutionGuid = {EC9526F0-893B-477F-A4D0-759210C007F6}
	EndGlobalSection
EndGlobal
